
Microsoft Visual Studio Solution File, Format Version 12.00
# Visual Studio 11
Project("{8BC9CEB8-8B4A-11D0-8D11-00A0C91BC942}") = "Repetition_04", "Repetition_04\Repetition_04.vcxproj", "{9B4FF138-AC92-BFC5-602D-B07295B441CC}"
EndProject
Global
	GlobalSection(SolutionConfigurationPlatforms) = preSolution
		Debug|Win32 = Debug|Win32
		Release|Win32 = Release|Win32
	EndGlobalSection
	GlobalSection(ProjectConfigurationPlatforms) = postSolution
		{9B4FF138-AC92-BFC5-602D-B07295B441CC}.Debug|Win32.ActiveCfg = Debug|Win32
		{9B4FF138-AC92-BFC5-602D-B07295B441CC}.Debug|Win32.Build.0 = Debug|Win32
		{9B4FF138-AC92-BFC5-602D-B07295B441CC}.Release|Win32.ActiveCfg = Release|Win32
		{9B4FF138-AC92-BFC5-602D-B07295B441CC}.Release|Win32.Build.0 = Release|Win32
	EndGlobalSection
	GlobalSection(SolutionProperties) = preSolution
		HideSolutionNode = FALSE
	EndGlobalSection
EndGlobal
