
Microsoft Visual Studio Solution File, Format Version 12.00
# Visual Studio 11
Project("{8BC9CEB8-8B4A-11D0-8D11-00A0C91BC942}") = "Bitwise_Operator_04", "Bitwise_Operator_04\Bitwise_Operator_04.vcxproj", "{D20F31B4-AA6D-6BBF-F8DA-B44E9909050E}"
EndProject
Global
	GlobalSection(SolutionConfigurationPlatforms) = preSolution
		Debug|Win32 = Debug|Win32
		Release|Win32 = Release|Win32
	EndGlobalSection
	GlobalSection(ProjectConfigurationPlatforms) = postSolution
		{D20F31B4-AA6D-6BBF-F8DA-B44E9909050E}.Debug|Win32.ActiveCfg = Debug|Win32
		{D20F31B4-AA6D-6BBF-F8DA-B44E9909050E}.Debug|Win32.Build.0 = Debug|Win32
		{D20F31B4-AA6D-6BBF-F8DA-B44E9909050E}.Release|Win32.ActiveCfg = Release|Win32
		{D20F31B4-AA6D-6BBF-F8DA-B44E9909050E}.Release|Win32.Build.0 = Release|Win32
	EndGlobalSection
	GlobalSection(SolutionProperties) = preSolution
		HideSolutionNode = FALSE
	EndGlobalSection
EndGlobal
