
Microsoft Visual Studio Solution File, Format Version 12.00
# Visual Studio 11
Project("{8BC9CEB8-8B4A-11D0-8D11-00A0C91BC942}") = "Pointer_06", "Pointer_06\Pointer_06.vcxproj", "{07307C4C-B13E-8CE4-3347-09DA1DC01CCC}"
EndProject
Global
	GlobalSection(SolutionConfigurationPlatforms) = preSolution
		Debug|Win32 = Debug|Win32
		Release|Win32 = Release|Win32
	EndGlobalSection
	GlobalSection(ProjectConfigurationPlatforms) = postSolution
		{07307C4C-B13E-8CE4-3347-09DA1DC01CCC}.Debug|Win32.ActiveCfg = Debug|Win32
		{07307C4C-B13E-8CE4-3347-09DA1DC01CCC}.Debug|Win32.Build.0 = Debug|Win32
		{07307C4C-B13E-8CE4-3347-09DA1DC01CCC}.Release|Win32.ActiveCfg = Release|Win32
		{07307C4C-B13E-8CE4-3347-09DA1DC01CCC}.Release|Win32.Build.0 = Release|Win32
	EndGlobalSection
	GlobalSection(SolutionProperties) = preSolution
		HideSolutionNode = FALSE
	EndGlobalSection
EndGlobal
