
Microsoft Visual Studio Solution File, Format Version 12.00
# Visual Studio 11
Project("{8BC9CEB8-8B4A-11D0-8D11-00A0C91BC942}") = "Type_06", "Type_06\Type_06.vcxproj", "{21BFE228-907F-BC7C-5397-AD8694274F30}"
EndProject
Global
	GlobalSection(SolutionConfigurationPlatforms) = preSolution
		Debug|Win32 = Debug|Win32
		Release|Win32 = Release|Win32
	EndGlobalSection
	GlobalSection(ProjectConfigurationPlatforms) = postSolution
		{21BFE228-907F-BC7C-5397-AD8694274F30}.Debug|Win32.ActiveCfg = Debug|Win32
		{21BFE228-907F-BC7C-5397-AD8694274F30}.Debug|Win32.Build.0 = Debug|Win32
		{21BFE228-907F-BC7C-5397-AD8694274F30}.Release|Win32.ActiveCfg = Release|Win32
		{21BFE228-907F-BC7C-5397-AD8694274F30}.Release|Win32.Build.0 = Release|Win32
	EndGlobalSection
	GlobalSection(SolutionProperties) = preSolution
		HideSolutionNode = FALSE
	EndGlobalSection
EndGlobal
