
Microsoft Visual Studio Solution File, Format Version 12.00
# Visual Studio 11
Project("{8BC9CEB8-8B4A-11D0-8D11-00A0C91BC942}") = "Array_04", "Array_04\Array_04.vcxproj", "{E94FA93F-C57C-D01C-B838-2F887A565BB2}"
EndProject
Global
	GlobalSection(SolutionConfigurationPlatforms) = preSolution
		Debug|Win32 = Debug|Win32
		Release|Win32 = Release|Win32
	EndGlobalSection
	GlobalSection(ProjectConfigurationPlatforms) = postSolution
		{E94FA93F-C57C-D01C-B838-2F887A565BB2}.Debug|Win32.ActiveCfg = Debug|Win32
		{E94FA93F-C57C-D01C-B838-2F887A565BB2}.Debug|Win32.Build.0 = Debug|Win32
		{E94FA93F-C57C-D01C-B838-2F887A565BB2}.Release|Win32.ActiveCfg = Release|Win32
		{E94FA93F-C57C-D01C-B838-2F887A565BB2}.Release|Win32.Build.0 = Release|Win32
	EndGlobalSection
	GlobalSection(SolutionProperties) = preSolution
		HideSolutionNode = FALSE
	EndGlobalSection
EndGlobal
