
Microsoft Visual Studio Solution File, Format Version 12.00
# Visual Studio 11
Project("{8BC9CEB8-8B4A-11D0-8D11-00A0C91BC942}") = "Function_01", "Function_01\Function_01.vcxproj", "{05C30AEA-5E0D-6E78-6EE8-AF70C3428295}"
EndProject
Project("{8BC9CEB8-8B4A-11D0-8D11-00A0C91BC942}") = "Function_02", "Function_02\Function_02.vcxproj", "{2E8EEE59-D165-8EAF-68C7-87FE2D4038AA}"
EndProject
Project("{8BC9CEB8-8B4A-11D0-8D11-00A0C91BC942}") = "Function_03", "Function_03\Function_03.vcxproj", "{C41408D5-E078-F6F7-89AD-A882A375CECE}"
EndProject
Project("{8BC9CEB8-8B4A-11D0-8D11-00A0C91BC942}") = "Function_04", "Function_04\Function_04.vcxproj", "{C999F4CB-B99F-5404-FABA-7C8C6EC3C8A4}"
EndProject
Project("{8BC9CEB8-8B4A-11D0-8D11-00A0C91BC942}") = "Function_05", "Function_05\Function_05.vcxproj", "{C5E66B4C-CA85-97D3-742D-70BE2973C9BA}"
EndProject
Project("{8BC9CEB8-8B4A-11D0-8D11-00A0C91BC942}") = "Argument_Passing_01", "Argument_Passing_01\Argument_Passing_01.vcxproj", "{7107FD89-F902-A0DB-9252-3DAB3694D2EC}"
EndProject
Project("{8BC9CEB8-8B4A-11D0-8D11-00A0C91BC942}") = "Argument_Passing_02", "Argument_Passing_02\Argument_Passing_02.vcxproj", "{66CB8BA5-F7FE-860A-89AB-935276E9D527}"
EndProject
Project("{8BC9CEB8-8B4A-11D0-8D11-00A0C91BC942}") = "Argument_Passing_03", "Argument_Passing_03\Argument_Passing_03.vcxproj", "{8A1A9ACA-C114-3295-419B-0CDF128FEB9C}"
EndProject
Project("{8BC9CEB8-8B4A-11D0-8D11-00A0C91BC942}") = "Argument_Passing_04", "Argument_Passing_04\Argument_Passing_04.vcxproj", "{49EEC7BB-7BBD-F21F-8B14-F58061B039B1}"
EndProject
Project("{8BC9CEB8-8B4A-11D0-8D11-00A0C91BC942}") = "Argument_Passing_05", "Argument_Passing_05\Argument_Passing_05.vcxproj", "{3FE24387-5203-AD22-A006-C8DA4D231999}"
EndProject
Project("{8BC9CEB8-8B4A-11D0-8D11-00A0C91BC942}") = "Argument_Passing_06", "Argument_Passing_06\Argument_Passing_06.vcxproj", "{9AA6DD91-5941-5FA5-AA69-3958CCD12058}"
EndProject
Project("{8BC9CEB8-8B4A-11D0-8D11-00A0C91BC942}") = "Argument_Passing_07", "Argument_Passing_07\Argument_Passing_07.vcxproj", "{6DB2699A-65C6-CD9A-9FE8-92D697BD91D0}"
EndProject
Project("{8BC9CEB8-8B4A-11D0-8D11-00A0C91BC942}") = "Argument_Passing_08", "Argument_Passing_08\Argument_Passing_08.vcxproj", "{027F2967-E699-A3A2-2283-EBFA5271BA2A}"
EndProject
Project("{8BC9CEB8-8B4A-11D0-8D11-00A0C91BC942}") = "Argument_Passing_09", "Argument_Passing_09\Argument_Passing_09.vcxproj", "{1B6A83C3-46AA-EA73-460F-49E897809569}"
EndProject
Project("{8BC9CEB8-8B4A-11D0-8D11-00A0C91BC942}") = "Argument_Passing_10", "Argument_Passing_10\Argument_Passing_10.vcxproj", "{B0855ECC-1515-F095-347C-FB3989214912}"
EndProject
Project("{8BC9CEB8-8B4A-11D0-8D11-00A0C91BC942}") = "More_Function_01", "More_Function_01\More_Function_01.vcxproj", "{DC373C3E-8A91-9588-E495-7982009AEB30}"
EndProject
Project("{8BC9CEB8-8B4A-11D0-8D11-00A0C91BC942}") = "More_Function_02", "More_Function_02\More_Function_02.vcxproj", "{7AC2BD91-E355-737C-FBA4-A1FE28A2A5E3}"
EndProject
Project("{8BC9CEB8-8B4A-11D0-8D11-00A0C91BC942}") = "More_Function_03", "More_Function_03\More_Function_03.vcxproj", "{987A2DD2-9426-FF58-5F3A-15F1B21F13C6}"
EndProject
Project("{8BC9CEB8-8B4A-11D0-8D11-00A0C91BC942}") = "More_Function_04", "More_Function_04\More_Function_04.vcxproj", "{A26D3C1A-A931-8968-F26B-F7C6E39C92E2}"
EndProject
Project("{8BC9CEB8-8B4A-11D0-8D11-00A0C91BC942}") = "More_Function_05", "More_Function_05\More_Function_05.vcxproj", "{D418A11D-D39D-0CBB-5638-A18AB9099E29}"
EndProject
Global
	GlobalSection(SolutionConfigurationPlatforms) = preSolution
		Debug|Win32 = Debug|Win32
		Release|Win32 = Release|Win32
	EndGlobalSection
	GlobalSection(ProjectConfigurationPlatforms) = postSolution
		{027F2967-E699-A3A2-2283-EBFA5271BA2A}.Debug|Win32.ActiveCfg = Debug|Win32
		{027F2967-E699-A3A2-2283-EBFA5271BA2A}.Debug|Win32.Build.0 = Debug|Win32
		{027F2967-E699-A3A2-2283-EBFA5271BA2A}.Release|Win32.ActiveCfg = Release|Win32
		{027F2967-E699-A3A2-2283-EBFA5271BA2A}.Release|Win32.Build.0 = Release|Win32
		{05C30AEA-5E0D-6E78-6EE8-AF70C3428295}.Debug|Win32.ActiveCfg = Debug|Win32
		{05C30AEA-5E0D-6E78-6EE8-AF70C3428295}.Debug|Win32.Build.0 = Debug|Win32
		{05C30AEA-5E0D-6E78-6EE8-AF70C3428295}.Release|Win32.ActiveCfg = Release|Win32
		{05C30AEA-5E0D-6E78-6EE8-AF70C3428295}.Release|Win32.Build.0 = Release|Win32
		{1B6A83C3-46AA-EA73-460F-49E897809569}.Debug|Win32.ActiveCfg = Debug|Win32
		{1B6A83C3-46AA-EA73-460F-49E897809569}.Debug|Win32.Build.0 = Debug|Win32
		{1B6A83C3-46AA-EA73-460F-49E897809569}.Release|Win32.ActiveCfg = Release|Win32
		{1B6A83C3-46AA-EA73-460F-49E897809569}.Release|Win32.Build.0 = Release|Win32
		{2E8EEE59-D165-8EAF-68C7-87FE2D4038AA}.Debug|Win32.ActiveCfg = Debug|Win32
		{2E8EEE59-D165-8EAF-68C7-87FE2D4038AA}.Debug|Win32.Build.0 = Debug|Win32
		{2E8EEE59-D165-8EAF-68C7-87FE2D4038AA}.Release|Win32.ActiveCfg = Release|Win32
		{2E8EEE59-D165-8EAF-68C7-87FE2D4038AA}.Release|Win32.Build.0 = Release|Win32
		{3FE24387-5203-AD22-A006-C8DA4D231999}.Debug|Win32.ActiveCfg = Debug|Win32
		{3FE24387-5203-AD22-A006-C8DA4D231999}.Debug|Win32.Build.0 = Debug|Win32
		{3FE24387-5203-AD22-A006-C8DA4D231999}.Release|Win32.ActiveCfg = Release|Win32
		{3FE24387-5203-AD22-A006-C8DA4D231999}.Release|Win32.Build.0 = Release|Win32
		{49EEC7BB-7BBD-F21F-8B14-F58061B039B1}.Debug|Win32.ActiveCfg = Debug|Win32
		{49EEC7BB-7BBD-F21F-8B14-F58061B039B1}.Debug|Win32.Build.0 = Debug|Win32
		{49EEC7BB-7BBD-F21F-8B14-F58061B039B1}.Release|Win32.ActiveCfg = Release|Win32
		{49EEC7BB-7BBD-F21F-8B14-F58061B039B1}.Release|Win32.Build.0 = Release|Win32
		{66CB8BA5-F7FE-860A-89AB-935276E9D527}.Debug|Win32.ActiveCfg = Debug|Win32
		{66CB8BA5-F7FE-860A-89AB-935276E9D527}.Debug|Win32.Build.0 = Debug|Win32
		{66CB8BA5-F7FE-860A-89AB-935276E9D527}.Release|Win32.ActiveCfg = Release|Win32
		{66CB8BA5-F7FE-860A-89AB-935276E9D527}.Release|Win32.Build.0 = Release|Win32
		{6DB2699A-65C6-CD9A-9FE8-92D697BD91D0}.Debug|Win32.ActiveCfg = Debug|Win32
		{6DB2699A-65C6-CD9A-9FE8-92D697BD91D0}.Debug|Win32.Build.0 = Debug|Win32
		{6DB2699A-65C6-CD9A-9FE8-92D697BD91D0}.Release|Win32.ActiveCfg = Release|Win32
		{6DB2699A-65C6-CD9A-9FE8-92D697BD91D0}.Release|Win32.Build.0 = Release|Win32
		{7107FD89-F902-A0DB-9252-3DAB3694D2EC}.Debug|Win32.ActiveCfg = Debug|Win32
		{7107FD89-F902-A0DB-9252-3DAB3694D2EC}.Debug|Win32.Build.0 = Debug|Win32
		{7107FD89-F902-A0DB-9252-3DAB3694D2EC}.Release|Win32.ActiveCfg = Release|Win32
		{7107FD89-F902-A0DB-9252-3DAB3694D2EC}.Release|Win32.Build.0 = Release|Win32
		{7AC2BD91-E355-737C-FBA4-A1FE28A2A5E3}.Debug|Win32.ActiveCfg = Debug|Win32
		{7AC2BD91-E355-737C-FBA4-A1FE28A2A5E3}.Debug|Win32.Build.0 = Debug|Win32
		{7AC2BD91-E355-737C-FBA4-A1FE28A2A5E3}.Release|Win32.ActiveCfg = Release|Win32
		{7AC2BD91-E355-737C-FBA4-A1FE28A2A5E3}.Release|Win32.Build.0 = Release|Win32
		{8A1A9ACA-C114-3295-419B-0CDF128FEB9C}.Debug|Win32.ActiveCfg = Debug|Win32
		{8A1A9ACA-C114-3295-419B-0CDF128FEB9C}.Debug|Win32.Build.0 = Debug|Win32
		{8A1A9ACA-C114-3295-419B-0CDF128FEB9C}.Release|Win32.ActiveCfg = Release|Win32
		{8A1A9ACA-C114-3295-419B-0CDF128FEB9C}.Release|Win32.Build.0 = Release|Win32
		{987A2DD2-9426-FF58-5F3A-15F1B21F13C6}.Debug|Win32.ActiveCfg = Debug|Win32
		{987A2DD2-9426-FF58-5F3A-15F1B21F13C6}.Debug|Win32.Build.0 = Debug|Win32
		{987A2DD2-9426-FF58-5F3A-15F1B21F13C6}.Release|Win32.ActiveCfg = Release|Win32
		{987A2DD2-9426-FF58-5F3A-15F1B21F13C6}.Release|Win32.Build.0 = Release|Win32
		{9AA6DD91-5941-5FA5-AA69-3958CCD12058}.Debug|Win32.ActiveCfg = Debug|Win32
		{9AA6DD91-5941-5FA5-AA69-3958CCD12058}.Debug|Win32.Build.0 = Debug|Win32
		{9AA6DD91-5941-5FA5-AA69-3958CCD12058}.Release|Win32.ActiveCfg = Release|Win32
		{9AA6DD91-5941-5FA5-AA69-3958CCD12058}.Release|Win32.Build.0 = Release|Win32
		{A26D3C1A-A931-8968-F26B-F7C6E39C92E2}.Debug|Win32.ActiveCfg = Debug|Win32
		{A26D3C1A-A931-8968-F26B-F7C6E39C92E2}.Debug|Win32.Build.0 = Debug|Win32
		{A26D3C1A-A931-8968-F26B-F7C6E39C92E2}.Release|Win32.ActiveCfg = Release|Win32
		{A26D3C1A-A931-8968-F26B-F7C6E39C92E2}.Release|Win32.Build.0 = Release|Win32
		{B0855ECC-1515-F095-347C-FB3989214912}.Debug|Win32.ActiveCfg = Debug|Win32
		{B0855ECC-1515-F095-347C-FB3989214912}.Debug|Win32.Build.0 = Debug|Win32
		{B0855ECC-1515-F095-347C-FB3989214912}.Release|Win32.ActiveCfg = Release|Win32
		{B0855ECC-1515-F095-347C-FB3989214912}.Release|Win32.Build.0 = Release|Win32
		{C41408D5-E078-F6F7-89AD-A882A375CECE}.Debug|Win32.ActiveCfg = Debug|Win32
		{C41408D5-E078-F6F7-89AD-A882A375CECE}.Debug|Win32.Build.0 = Debug|Win32
		{C41408D5-E078-F6F7-89AD-A882A375CECE}.Release|Win32.ActiveCfg = Release|Win32
		{C41408D5-E078-F6F7-89AD-A882A375CECE}.Release|Win32.Build.0 = Release|Win32
		{C5E66B4C-CA85-97D3-742D-70BE2973C9BA}.Debug|Win32.ActiveCfg = Debug|Win32
		{C5E66B4C-CA85-97D3-742D-70BE2973C9BA}.Debug|Win32.Build.0 = Debug|Win32
		{C5E66B4C-CA85-97D3-742D-70BE2973C9BA}.Release|Win32.ActiveCfg = Release|Win32
		{C5E66B4C-CA85-97D3-742D-70BE2973C9BA}.Release|Win32.Build.0 = Release|Win32
		{C999F4CB-B99F-5404-FABA-7C8C6EC3C8A4}.Debug|Win32.ActiveCfg = Debug|Win32
		{C999F4CB-B99F-5404-FABA-7C8C6EC3C8A4}.Debug|Win32.Build.0 = Debug|Win32
		{C999F4CB-B99F-5404-FABA-7C8C6EC3C8A4}.Release|Win32.ActiveCfg = Release|Win32
		{C999F4CB-B99F-5404-FABA-7C8C6EC3C8A4}.Release|Win32.Build.0 = Release|Win32
		{D418A11D-D39D-0CBB-5638-A18AB9099E29}.Debug|Win32.ActiveCfg = Debug|Win32
		{D418A11D-D39D-0CBB-5638-A18AB9099E29}.Debug|Win32.Build.0 = Debug|Win32
		{D418A11D-D39D-0CBB-5638-A18AB9099E29}.Release|Win32.ActiveCfg = Release|Win32
		{D418A11D-D39D-0CBB-5638-A18AB9099E29}.Release|Win32.Build.0 = Release|Win32
		{DC373C3E-8A91-9588-E495-7982009AEB30}.Debug|Win32.ActiveCfg = Debug|Win32
		{DC373C3E-8A91-9588-E495-7982009AEB30}.Debug|Win32.Build.0 = Debug|Win32
		{DC373C3E-8A91-9588-E495-7982009AEB30}.Release|Win32.ActiveCfg = Release|Win32
		{DC373C3E-8A91-9588-E495-7982009AEB30}.Release|Win32.Build.0 = Release|Win32
	EndGlobalSection
	GlobalSection(SolutionProperties) = preSolution
		HideSolutionNode = FALSE
	EndGlobalSection
EndGlobal
