
Microsoft Visual Studio Solution File, Format Version 12.00
# Visual Studio 11
Project("{8BC9CEB8-8B4A-11D0-8D11-00A0C91BC942}") = "Pointer_04", "Pointer_04\Pointer_04.vcxproj", "{C3B84DA4-74D6-A7EA-5E08-76E9747294FC}"
EndProject
Global
	GlobalSection(SolutionConfigurationPlatforms) = preSolution
		Debug|Win32 = Debug|Win32
		Release|Win32 = Release|Win32
	EndGlobalSection
	GlobalSection(ProjectConfigurationPlatforms) = postSolution
		{C3B84DA4-74D6-A7EA-5E08-76E9747294FC}.Debug|Win32.ActiveCfg = Debug|Win32
		{C3B84DA4-74D6-A7EA-5E08-76E9747294FC}.Debug|Win32.Build.0 = Debug|Win32
		{C3B84DA4-74D6-A7EA-5E08-76E9747294FC}.Release|Win32.ActiveCfg = Release|Win32
		{C3B84DA4-74D6-A7EA-5E08-76E9747294FC}.Release|Win32.Build.0 = Release|Win32
	EndGlobalSection
	GlobalSection(SolutionProperties) = preSolution
		HideSolutionNode = FALSE
	EndGlobalSection
EndGlobal
