
Microsoft Visual Studio Solution File, Format Version 12.00
# Visual Studio 11
Project("{8BC9CEB8-8B4A-11D0-8D11-00A0C91BC942}") = "Type_03", "Type_03\Type_03.vcxproj", "{B8C15E94-68A8-8576-3060-5FA5BD9B0780}"
EndProject
Global
	GlobalSection(SolutionConfigurationPlatforms) = preSolution
		Debug|Win32 = Debug|Win32
		Release|Win32 = Release|Win32
	EndGlobalSection
	GlobalSection(ProjectConfigurationPlatforms) = postSolution
		{B8C15E94-68A8-8576-3060-5FA5BD9B0780}.Debug|Win32.ActiveCfg = Debug|Win32
		{B8C15E94-68A8-8576-3060-5FA5BD9B0780}.Debug|Win32.Build.0 = Debug|Win32
		{B8C15E94-68A8-8576-3060-5FA5BD9B0780}.Release|Win32.ActiveCfg = Release|Win32
		{B8C15E94-68A8-8576-3060-5FA5BD9B0780}.Release|Win32.Build.0 = Release|Win32
	EndGlobalSection
	GlobalSection(SolutionProperties) = preSolution
		HideSolutionNode = FALSE
	EndGlobalSection
EndGlobal
