
Microsoft Visual Studio Solution File, Format Version 12.00
# Visual Studio 11
Project("{8BC9CEB8-8B4A-11D0-8D11-00A0C91BC942}") = "Basic_Operator_08", "Basic_Operator_08\Basic_Operator_08.vcxproj", "{21460D26-303C-1700-ECCA-9E5BBDE80FFB}"
EndProject
Global
	GlobalSection(SolutionConfigurationPlatforms) = preSolution
		Debug|Win32 = Debug|Win32
		Release|Win32 = Release|Win32
	EndGlobalSection
	GlobalSection(ProjectConfigurationPlatforms) = postSolution
		{21460D26-303C-1700-ECCA-9E5BBDE80FFB}.Debug|Win32.ActiveCfg = Debug|Win32
		{21460D26-303C-1700-ECCA-9E5BBDE80FFB}.Debug|Win32.Build.0 = Debug|Win32
		{21460D26-303C-1700-ECCA-9E5BBDE80FFB}.Release|Win32.ActiveCfg = Release|Win32
		{21460D26-303C-1700-ECCA-9E5BBDE80FFB}.Release|Win32.Build.0 = Release|Win32
	EndGlobalSection
	GlobalSection(SolutionProperties) = preSolution
		HideSolutionNode = FALSE
	EndGlobalSection
EndGlobal
