
Microsoft Visual Studio Solution File, Format Version 12.00
# Visual Studio 11
Project("{8BC9CEB8-8B4A-11D0-8D11-00A0C91BC942}") = "Array_01", "Array_01\Array_01.vcxproj", "{8758814E-25EA-B10D-3B52-3FB8FF9433CA}"
EndProject
Global
	GlobalSection(SolutionConfigurationPlatforms) = preSolution
		Debug|Win32 = Debug|Win32
		Release|Win32 = Release|Win32
	EndGlobalSection
	GlobalSection(ProjectConfigurationPlatforms) = postSolution
		{8758814E-25EA-B10D-3B52-3FB8FF9433CA}.Debug|Win32.ActiveCfg = Debug|Win32
		{8758814E-25EA-B10D-3B52-3FB8FF9433CA}.Debug|Win32.Build.0 = Debug|Win32
		{8758814E-25EA-B10D-3B52-3FB8FF9433CA}.Release|Win32.ActiveCfg = Release|Win32
		{8758814E-25EA-B10D-3B52-3FB8FF9433CA}.Release|Win32.Build.0 = Release|Win32
	EndGlobalSection
	GlobalSection(SolutionProperties) = preSolution
		HideSolutionNode = FALSE
	EndGlobalSection
EndGlobal
