
Microsoft Visual Studio Solution File, Format Version 12.00
# Visual Studio 11
Project("{8BC9CEB8-8B4A-11D0-8D11-00A0C91BC942}") = "Variable_02", "Variable_02\Variable_02.vcxproj", "{F9F1C7EC-F9EB-0BF0-B824-A2EE4E13399D}"
EndProject
Global
	GlobalSection(SolutionConfigurationPlatforms) = preSolution
		Debug|Win32 = Debug|Win32
		Release|Win32 = Release|Win32
	EndGlobalSection
	GlobalSection(ProjectConfigurationPlatforms) = postSolution
		{F9F1C7EC-F9EB-0BF0-B824-A2EE4E13399D}.Debug|Win32.ActiveCfg = Debug|Win32
		{F9F1C7EC-F9EB-0BF0-B824-A2EE4E13399D}.Debug|Win32.Build.0 = Debug|Win32
		{F9F1C7EC-F9EB-0BF0-B824-A2EE4E13399D}.Release|Win32.ActiveCfg = Release|Win32
		{F9F1C7EC-F9EB-0BF0-B824-A2EE4E13399D}.Release|Win32.Build.0 = Release|Win32
	EndGlobalSection
	GlobalSection(SolutionProperties) = preSolution
		HideSolutionNode = FALSE
	EndGlobalSection
EndGlobal
