
Microsoft Visual Studio Solution File, Format Version 12.00
# Visual Studio 11
Project("{8BC9CEB8-8B4A-11D0-8D11-00A0C91BC942}") = "Repetition_07", "Repetition_07\Repetition_07.vcxproj", "{D2814AB1-B115-C866-A1F9-25FF2922DB5A}"
EndProject
Global
	GlobalSection(SolutionConfigurationPlatforms) = preSolution
		Debug|Win32 = Debug|Win32
		Release|Win32 = Release|Win32
	EndGlobalSection
	GlobalSection(ProjectConfigurationPlatforms) = postSolution
		{D2814AB1-B115-C866-A1F9-25FF2922DB5A}.Debug|Win32.ActiveCfg = Debug|Win32
		{D2814AB1-B115-C866-A1F9-25FF2922DB5A}.Debug|Win32.Build.0 = Debug|Win32
		{D2814AB1-B115-C866-A1F9-25FF2922DB5A}.Release|Win32.ActiveCfg = Release|Win32
		{D2814AB1-B115-C866-A1F9-25FF2922DB5A}.Release|Win32.Build.0 = Release|Win32
	EndGlobalSection
	GlobalSection(SolutionProperties) = preSolution
		HideSolutionNode = FALSE
	EndGlobalSection
EndGlobal
