
Microsoft Visual Studio Solution File, Format Version 12.00
# Visual Studio 11
Project("{8BC9CEB8-8B4A-11D0-8D11-00A0C91BC942}") = "Basic_Operator_01", "Basic_Operator_01\Basic_Operator_01.vcxproj", "{0724F6BD-B62C-B95D-18C6-89E644E52EF5}"
EndProject
Global
	GlobalSection(SolutionConfigurationPlatforms) = preSolution
		Debug|Win32 = Debug|Win32
		Release|Win32 = Release|Win32
	EndGlobalSection
	GlobalSection(ProjectConfigurationPlatforms) = postSolution
		{0724F6BD-B62C-B95D-18C6-89E644E52EF5}.Debug|Win32.ActiveCfg = Debug|Win32
		{0724F6BD-B62C-B95D-18C6-89E644E52EF5}.Debug|Win32.Build.0 = Debug|Win32
		{0724F6BD-B62C-B95D-18C6-89E644E52EF5}.Release|Win32.ActiveCfg = Release|Win32
		{0724F6BD-B62C-B95D-18C6-89E644E52EF5}.Release|Win32.Build.0 = Release|Win32
	EndGlobalSection
	GlobalSection(SolutionProperties) = preSolution
		HideSolutionNode = FALSE
	EndGlobalSection
EndGlobal
