
Microsoft Visual Studio Solution File, Format Version 12.00
# Visual Studio 11
Project("{8BC9CEB8-8B4A-11D0-8D11-00A0C91BC942}") = "Array_06", "Array_06\Array_06.vcxproj", "{535D29B0-4CCA-8C48-2FF0-B16CA3F2A3B6}"
EndProject
Global
	GlobalSection(SolutionConfigurationPlatforms) = preSolution
		Debug|Win32 = Debug|Win32
		Release|Win32 = Release|Win32
	EndGlobalSection
	GlobalSection(ProjectConfigurationPlatforms) = postSolution
		{535D29B0-4CCA-8C48-2FF0-B16CA3F2A3B6}.Debug|Win32.ActiveCfg = Debug|Win32
		{535D29B0-4CCA-8C48-2FF0-B16CA3F2A3B6}.Debug|Win32.Build.0 = Debug|Win32
		{535D29B0-4CCA-8C48-2FF0-B16CA3F2A3B6}.Release|Win32.ActiveCfg = Release|Win32
		{535D29B0-4CCA-8C48-2FF0-B16CA3F2A3B6}.Release|Win32.Build.0 = Release|Win32
	EndGlobalSection
	GlobalSection(SolutionProperties) = preSolution
		HideSolutionNode = FALSE
	EndGlobalSection
EndGlobal
