
Microsoft Visual Studio Solution File, Format Version 12.00
# Visual Studio 11
Project("{8BC9CEB8-8B4A-11D0-8D11-00A0C91BC942}") = "Pointer_08", "Pointer_08\Pointer_08.vcxproj", "{0E07AA17-E6B0-AE61-EC82-308DB652C36D}"
EndProject
Global
	GlobalSection(SolutionConfigurationPlatforms) = preSolution
		Debug|Win32 = Debug|Win32
		Release|Win32 = Release|Win32
	EndGlobalSection
	GlobalSection(ProjectConfigurationPlatforms) = postSolution
		{0E07AA17-E6B0-AE61-EC82-308DB652C36D}.Debug|Win32.ActiveCfg = Debug|Win32
		{0E07AA17-E6B0-AE61-EC82-308DB652C36D}.Debug|Win32.Build.0 = Debug|Win32
		{0E07AA17-E6B0-AE61-EC82-308DB652C36D}.Release|Win32.ActiveCfg = Release|Win32
		{0E07AA17-E6B0-AE61-EC82-308DB652C36D}.Release|Win32.Build.0 = Release|Win32
	EndGlobalSection
	GlobalSection(SolutionProperties) = preSolution
		HideSolutionNode = FALSE
	EndGlobalSection
EndGlobal
