
Microsoft Visual Studio Solution File, Format Version 12.00
# Visual Studio 11
Project("{8BC9CEB8-8B4A-11D0-8D11-00A0C91BC942}") = "Repetition_01", "Repetition_01\Repetition_01.vcxproj", "{CA2A9F96-02FA-B100-D216-72110D249E6A}"
EndProject
Global
	GlobalSection(SolutionConfigurationPlatforms) = preSolution
		Debug|Win32 = Debug|Win32
		Release|Win32 = Release|Win32
	EndGlobalSection
	GlobalSection(ProjectConfigurationPlatforms) = postSolution
		{CA2A9F96-02FA-B100-D216-72110D249E6A}.Debug|Win32.ActiveCfg = Debug|Win32
		{CA2A9F96-02FA-B100-D216-72110D249E6A}.Debug|Win32.Build.0 = Debug|Win32
		{CA2A9F96-02FA-B100-D216-72110D249E6A}.Release|Win32.ActiveCfg = Release|Win32
		{CA2A9F96-02FA-B100-D216-72110D249E6A}.Release|Win32.Build.0 = Release|Win32
	EndGlobalSection
	GlobalSection(SolutionProperties) = preSolution
		HideSolutionNode = FALSE
	EndGlobalSection
EndGlobal
