
Microsoft Visual Studio Solution File, Format Version 12.00
# Visual Studio 11
Project("{8BC9CEB8-8B4A-11D0-8D11-00A0C91BC942}") = "Pointer_Const_04", "Pointer_Const_04\Pointer_Const_04.vcxproj", "{110A6B01-93E8-4612-D91E-60CF42AC088D}"
EndProject
Global
	GlobalSection(SolutionConfigurationPlatforms) = preSolution
		Debug|Win32 = Debug|Win32
		Release|Win32 = Release|Win32
	EndGlobalSection
	GlobalSection(ProjectConfigurationPlatforms) = postSolution
		{110A6B01-93E8-4612-D91E-60CF42AC088D}.Debug|Win32.ActiveCfg = Debug|Win32
		{110A6B01-93E8-4612-D91E-60CF42AC088D}.Debug|Win32.Build.0 = Debug|Win32
		{110A6B01-93E8-4612-D91E-60CF42AC088D}.Release|Win32.ActiveCfg = Release|Win32
		{110A6B01-93E8-4612-D91E-60CF42AC088D}.Release|Win32.Build.0 = Release|Win32
	EndGlobalSection
	GlobalSection(SolutionProperties) = preSolution
		HideSolutionNode = FALSE
	EndGlobalSection
EndGlobal
