
Microsoft Visual Studio Solution File, Format Version 12.00
# Visual Studio 11
Project("{8BC9CEB8-8B4A-11D0-8D11-00A0C91BC942}") = "Branch_07", "Branch_07\Branch_07.vcxproj", "{A6D7E885-8609-09B4-EBD3-DA91D7775BF0}"
EndProject
Global
	GlobalSection(SolutionConfigurationPlatforms) = preSolution
		Debug|Win32 = Debug|Win32
		Release|Win32 = Release|Win32
	EndGlobalSection
	GlobalSection(ProjectConfigurationPlatforms) = postSolution
		{A6D7E885-8609-09B4-EBD3-DA91D7775BF0}.Debug|Win32.ActiveCfg = Debug|Win32
		{A6D7E885-8609-09B4-EBD3-DA91D7775BF0}.Debug|Win32.Build.0 = Debug|Win32
		{A6D7E885-8609-09B4-EBD3-DA91D7775BF0}.Release|Win32.ActiveCfg = Release|Win32
		{A6D7E885-8609-09B4-EBD3-DA91D7775BF0}.Release|Win32.Build.0 = Release|Win32
	EndGlobalSection
	GlobalSection(SolutionProperties) = preSolution
		HideSolutionNode = FALSE
	EndGlobalSection
EndGlobal
