
Microsoft Visual Studio Solution File, Format Version 12.00
# Visual Studio 11
Project("{8BC9CEB8-8B4A-11D0-8D11-00A0C91BC942}") = "Dynamic_Allocation_01", "Dynamic_Allocation_01\Dynamic_Allocation_01.vcxproj", "{EEB2C485-6A68-C15F-0540-9167A987B6E8}"
EndProject
Project("{8BC9CEB8-8B4A-11D0-8D11-00A0C91BC942}") = "Dynamic_Allocation_02", "Dynamic_Allocation_02\Dynamic_Allocation_02.vcxproj", "{62E0B199-250B-0565-9682-AF5EB1AD5F9A}"
EndProject
Project("{8BC9CEB8-8B4A-11D0-8D11-00A0C91BC942}") = "Dynamic_Allocation_04", "Dynamic_Allocation_04\Dynamic_Allocation_04.vcxproj", "{B64C2666-424B-1635-CF8A-4D820876BAAB}"
EndProject
Project("{8BC9CEB8-8B4A-11D0-8D11-00A0C91BC942}") = "Dynamic_Allocation_03", "Dynamic_Allocation_03\Dynamic_Allocation_03.vcxproj", "{7DDC4201-7CA4-0281-E381-AD5C78B0EF4A}"
EndProject
Project("{8BC9CEB8-8B4A-11D0-8D11-00A0C91BC942}") = "String_Basic_01", "String_Basic_01\String_Basic_01.vcxproj", "{11E9E297-26BE-8655-A769-372B5725FD67}"
EndProject
Project("{8BC9CEB8-8B4A-11D0-8D11-00A0C91BC942}") = "String_Basic_02", "String_Basic_02\String_Basic_02.vcxproj", "{20F0B348-2A62-B7D2-2A1D-534CF79A9DC3}"
EndProject
Project("{8BC9CEB8-8B4A-11D0-8D11-00A0C91BC942}") = "String_Basic_03", "String_Basic_03\String_Basic_03.vcxproj", "{C6058AE6-ADEC-0907-C9F4-D4D3D2A523BE}"
EndProject
Project("{8BC9CEB8-8B4A-11D0-8D11-00A0C91BC942}") = "String_Basic_04", "String_Basic_04\String_Basic_04.vcxproj", "{71176ADA-DCC3-187B-CA67-36EB4A21ACD3}"
EndProject
Project("{8BC9CEB8-8B4A-11D0-8D11-00A0C91BC942}") = "String_Basic_05", "String_Basic_05\String_Basic_05.vcxproj", "{D4C0CBCC-99EB-DC98-506D-729BEC83E5E7}"
EndProject
Project("{8BC9CEB8-8B4A-11D0-8D11-00A0C91BC942}") = "String_Basic_06", "String_Basic_06\String_Basic_06.vcxproj", "{ED39AFF3-DBC7-B1B1-A93E-6FC2D29A9BE0}"
EndProject
Project("{8BC9CEB8-8B4A-11D0-8D11-00A0C91BC942}") = "String_Basic_07", "String_Basic_07\String_Basic_07.vcxproj", "{CEB1C732-FE36-C4A7-5907-477B381A7EEA}"
EndProject
Project("{8BC9CEB8-8B4A-11D0-8D11-00A0C91BC942}") = "String_Basic_08", "String_Basic_08\String_Basic_08.vcxproj", "{302CA54C-7653-D520-0BE2-1889D3245F27}"
EndProject
Project("{8BC9CEB8-8B4A-11D0-8D11-00A0C91BC942}") = "String_Basic_09", "String_Basic_09\String_Basic_09.vcxproj", "{29A7B652-16A3-BF94-06CF-6919B945C926}"
EndProject
Project("{8BC9CEB8-8B4A-11D0-8D11-00A0C91BC942}") = "String_Use_01", "String_Use_01\String_Use_01.vcxproj", "{BF786C3A-C650-5645-38D1-40D908727EF5}"
EndProject
Project("{8BC9CEB8-8B4A-11D0-8D11-00A0C91BC942}") = "String_Use_02", "String_Use_02\String_Use_02.vcxproj", "{AB1C3919-B8C8-02DB-C0EA-A5A7662FF248}"
EndProject
Project("{8BC9CEB8-8B4A-11D0-8D11-00A0C91BC942}") = "String_Use_03", "String_Use_03\String_Use_03.vcxproj", "{7C977B5F-1EF6-05D7-62A6-66CF0F514585}"
EndProject
Project("{8BC9CEB8-8B4A-11D0-8D11-00A0C91BC942}") = "String_Use_04", "String_Use_04\String_Use_04.vcxproj", "{9E308A14-B661-E0CF-5346-95375DA83027}"
EndProject
Project("{8BC9CEB8-8B4A-11D0-8D11-00A0C91BC942}") = "String_Use_05", "String_Use_05\String_Use_05.vcxproj", "{9916BEDA-BA77-2447-ED4E-C4C464CCEC00}"
EndProject
Project("{8BC9CEB8-8B4A-11D0-8D11-00A0C91BC942}") = "String_Use_06", "String_Use_06\String_Use_06.vcxproj", "{02B02F8D-7F0E-440B-985F-751E687F91B1}"
EndProject
Project("{8BC9CEB8-8B4A-11D0-8D11-00A0C91BC942}") = "Header_Impl_01", "Header_Impl_01\Header_Impl_01.vcxproj", "{CC7DBACD-8F89-F38F-63E8-346D697E8946}"
EndProject
Project("{8BC9CEB8-8B4A-11D0-8D11-00A0C91BC942}") = "Header_Impl_02", "Header_Impl_02\Header_Impl_02.vcxproj", "{DC719D5B-C039-5032-FCE3-9F6FC3D8796E}"
EndProject
Project("{8BC9CEB8-8B4A-11D0-8D11-00A0C91BC942}") = "Header_Impl_03", "Header_Impl_03\Header_Impl_03.vcxproj", "{EE181F3B-AC6C-A6F2-985E-26A3E309E357}"
EndProject
Project("{8BC9CEB8-8B4A-11D0-8D11-00A0C91BC942}") = "Header_Impl_04", "Header_Impl_04\Header_Impl_04.vcxproj", "{6DA96040-4E5A-3CAA-020D-73DCE9326473}"
EndProject
Project("{8BC9CEB8-8B4A-11D0-8D11-00A0C91BC942}") = "Header_Impl_05", "Header_Impl_05\Header_Impl_05.vcxproj", "{2667E1C7-4B20-7A0E-2C93-4E903FB20A12}"
EndProject
Project("{8BC9CEB8-8B4A-11D0-8D11-00A0C91BC942}") = "Header_Impl_06", "Header_Impl_06\Header_Impl_06.vcxproj", "{F8749A32-897E-CB2C-CFD9-72A4F80B9CCE}"
EndProject
Project("{8BC9CEB8-8B4A-11D0-8D11-00A0C91BC942}") = "Header_Impl_07", "Header_Impl_07\Header_Impl_07.vcxproj", "{D422FA37-25F6-0615-41FA-4C268FB1DA55}"
EndProject
Project("{8BC9CEB8-8B4A-11D0-8D11-00A0C91BC942}") = "Header_Impl_08", "Header_Impl_08\Header_Impl_08.vcxproj", "{C5C548BF-1495-CEDD-E64A-76268D62AA62}"
EndProject
Project("{8BC9CEB8-8B4A-11D0-8D11-00A0C91BC942}") = "Header_Impl_09", "Header_Impl_09\Header_Impl_09.vcxproj", "{01C388A5-4EC6-3751-EDC0-D90BC24F1A84}"
EndProject
Project("{8BC9CEB8-8B4A-11D0-8D11-00A0C91BC942}") = "Header_Impl_10", "Header_Impl_10\Header_Impl_10.vcxproj", "{927126A5-CF22-B99D-10ED-837DC6C04615}"
EndProject
Project("{8BC9CEB8-8B4A-11D0-8D11-00A0C91BC942}") = "Header_Impl_11", "Header_Impl_11\Header_Impl_11.vcxproj", "{77781116-75CB-F444-58FA-36A1F4A85967}"
EndProject
Global
	GlobalSection(SolutionConfigurationPlatforms) = preSolution
		Debug|Win32 = Debug|Win32
		Release|Win32 = Release|Win32
	EndGlobalSection
	GlobalSection(ProjectConfigurationPlatforms) = postSolution
		{01C388A5-4EC6-3751-EDC0-D90BC24F1A84}.Debug|Win32.ActiveCfg = Debug|Win32
		{01C388A5-4EC6-3751-EDC0-D90BC24F1A84}.Debug|Win32.Build.0 = Debug|Win32
		{01C388A5-4EC6-3751-EDC0-D90BC24F1A84}.Release|Win32.ActiveCfg = Release|Win32
		{01C388A5-4EC6-3751-EDC0-D90BC24F1A84}.Release|Win32.Build.0 = Release|Win32
		{02B02F8D-7F0E-440B-985F-751E687F91B1}.Debug|Win32.ActiveCfg = Debug|Win32
		{02B02F8D-7F0E-440B-985F-751E687F91B1}.Debug|Win32.Build.0 = Debug|Win32
		{02B02F8D-7F0E-440B-985F-751E687F91B1}.Release|Win32.ActiveCfg = Release|Win32
		{02B02F8D-7F0E-440B-985F-751E687F91B1}.Release|Win32.Build.0 = Release|Win32
		{11E9E297-26BE-8655-A769-372B5725FD67}.Debug|Win32.ActiveCfg = Debug|Win32
		{11E9E297-26BE-8655-A769-372B5725FD67}.Debug|Win32.Build.0 = Debug|Win32
		{11E9E297-26BE-8655-A769-372B5725FD67}.Release|Win32.ActiveCfg = Release|Win32
		{11E9E297-26BE-8655-A769-372B5725FD67}.Release|Win32.Build.0 = Release|Win32
		{20F0B348-2A62-B7D2-2A1D-534CF79A9DC3}.Debug|Win32.ActiveCfg = Debug|Win32
		{20F0B348-2A62-B7D2-2A1D-534CF79A9DC3}.Debug|Win32.Build.0 = Debug|Win32
		{20F0B348-2A62-B7D2-2A1D-534CF79A9DC3}.Release|Win32.ActiveCfg = Release|Win32
		{20F0B348-2A62-B7D2-2A1D-534CF79A9DC3}.Release|Win32.Build.0 = Release|Win32
		{2667E1C7-4B20-7A0E-2C93-4E903FB20A12}.Debug|Win32.ActiveCfg = Debug|Win32
		{2667E1C7-4B20-7A0E-2C93-4E903FB20A12}.Debug|Win32.Build.0 = Debug|Win32
		{2667E1C7-4B20-7A0E-2C93-4E903FB20A12}.Release|Win32.ActiveCfg = Release|Win32
		{2667E1C7-4B20-7A0E-2C93-4E903FB20A12}.Release|Win32.Build.0 = Release|Win32
		{29A7B652-16A3-BF94-06CF-6919B945C926}.Debug|Win32.ActiveCfg = Debug|Win32
		{29A7B652-16A3-BF94-06CF-6919B945C926}.Debug|Win32.Build.0 = Debug|Win32
		{29A7B652-16A3-BF94-06CF-6919B945C926}.Release|Win32.ActiveCfg = Release|Win32
		{29A7B652-16A3-BF94-06CF-6919B945C926}.Release|Win32.Build.0 = Release|Win32
		{302CA54C-7653-D520-0BE2-1889D3245F27}.Debug|Win32.ActiveCfg = Debug|Win32
		{302CA54C-7653-D520-0BE2-1889D3245F27}.Debug|Win32.Build.0 = Debug|Win32
		{302CA54C-7653-D520-0BE2-1889D3245F27}.Release|Win32.ActiveCfg = Release|Win32
		{302CA54C-7653-D520-0BE2-1889D3245F27}.Release|Win32.Build.0 = Release|Win32
		{62E0B199-250B-0565-9682-AF5EB1AD5F9A}.Debug|Win32.ActiveCfg = Debug|Win32
		{62E0B199-250B-0565-9682-AF5EB1AD5F9A}.Debug|Win32.Build.0 = Debug|Win32
		{62E0B199-250B-0565-9682-AF5EB1AD5F9A}.Release|Win32.ActiveCfg = Release|Win32
		{62E0B199-250B-0565-9682-AF5EB1AD5F9A}.Release|Win32.Build.0 = Release|Win32
		{6DA96040-4E5A-3CAA-020D-73DCE9326473}.Debug|Win32.ActiveCfg = Debug|Win32
		{6DA96040-4E5A-3CAA-020D-73DCE9326473}.Debug|Win32.Build.0 = Debug|Win32
		{6DA96040-4E5A-3CAA-020D-73DCE9326473}.Release|Win32.ActiveCfg = Release|Win32
		{6DA96040-4E5A-3CAA-020D-73DCE9326473}.Release|Win32.Build.0 = Release|Win32
		{71176ADA-DCC3-187B-CA67-36EB4A21ACD3}.Debug|Win32.ActiveCfg = Debug|Win32
		{71176ADA-DCC3-187B-CA67-36EB4A21ACD3}.Debug|Win32.Build.0 = Debug|Win32
		{71176ADA-DCC3-187B-CA67-36EB4A21ACD3}.Release|Win32.ActiveCfg = Release|Win32
		{71176ADA-DCC3-187B-CA67-36EB4A21ACD3}.Release|Win32.Build.0 = Release|Win32
		{77781116-75CB-F444-58FA-36A1F4A85967}.Debug|Win32.ActiveCfg = Debug|Win32
		{77781116-75CB-F444-58FA-36A1F4A85967}.Debug|Win32.Build.0 = Debug|Win32
		{77781116-75CB-F444-58FA-36A1F4A85967}.Release|Win32.ActiveCfg = Release|Win32
		{77781116-75CB-F444-58FA-36A1F4A85967}.Release|Win32.Build.0 = Release|Win32
		{7C977B5F-1EF6-05D7-62A6-66CF0F514585}.Debug|Win32.ActiveCfg = Debug|Win32
		{7C977B5F-1EF6-05D7-62A6-66CF0F514585}.Debug|Win32.Build.0 = Debug|Win32
		{7C977B5F-1EF6-05D7-62A6-66CF0F514585}.Release|Win32.ActiveCfg = Release|Win32
		{7C977B5F-1EF6-05D7-62A6-66CF0F514585}.Release|Win32.Build.0 = Release|Win32
		{7DDC4201-7CA4-0281-E381-AD5C78B0EF4A}.Debug|Win32.ActiveCfg = Debug|Win32
		{7DDC4201-7CA4-0281-E381-AD5C78B0EF4A}.Debug|Win32.Build.0 = Debug|Win32
		{7DDC4201-7CA4-0281-E381-AD5C78B0EF4A}.Release|Win32.ActiveCfg = Release|Win32
		{7DDC4201-7CA4-0281-E381-AD5C78B0EF4A}.Release|Win32.Build.0 = Release|Win32
		{927126A5-CF22-B99D-10ED-837DC6C04615}.Debug|Win32.ActiveCfg = Debug|Win32
		{927126A5-CF22-B99D-10ED-837DC6C04615}.Debug|Win32.Build.0 = Debug|Win32
		{927126A5-CF22-B99D-10ED-837DC6C04615}.Release|Win32.ActiveCfg = Release|Win32
		{927126A5-CF22-B99D-10ED-837DC6C04615}.Release|Win32.Build.0 = Release|Win32
		{9916BEDA-BA77-2447-ED4E-C4C464CCEC00}.Debug|Win32.ActiveCfg = Debug|Win32
		{9916BEDA-BA77-2447-ED4E-C4C464CCEC00}.Debug|Win32.Build.0 = Debug|Win32
		{9916BEDA-BA77-2447-ED4E-C4C464CCEC00}.Release|Win32.ActiveCfg = Release|Win32
		{9916BEDA-BA77-2447-ED4E-C4C464CCEC00}.Release|Win32.Build.0 = Release|Win32
		{9E308A14-B661-E0CF-5346-95375DA83027}.Debug|Win32.ActiveCfg = Debug|Win32
		{9E308A14-B661-E0CF-5346-95375DA83027}.Debug|Win32.Build.0 = Debug|Win32
		{9E308A14-B661-E0CF-5346-95375DA83027}.Release|Win32.ActiveCfg = Release|Win32
		{9E308A14-B661-E0CF-5346-95375DA83027}.Release|Win32.Build.0 = Release|Win32
		{AB1C3919-B8C8-02DB-C0EA-A5A7662FF248}.Debug|Win32.ActiveCfg = Debug|Win32
		{AB1C3919-B8C8-02DB-C0EA-A5A7662FF248}.Debug|Win32.Build.0 = Debug|Win32
		{AB1C3919-B8C8-02DB-C0EA-A5A7662FF248}.Release|Win32.ActiveCfg = Release|Win32
		{AB1C3919-B8C8-02DB-C0EA-A5A7662FF248}.Release|Win32.Build.0 = Release|Win32
		{B64C2666-424B-1635-CF8A-4D820876BAAB}.Debug|Win32.ActiveCfg = Debug|Win32
		{B64C2666-424B-1635-CF8A-4D820876BAAB}.Debug|Win32.Build.0 = Debug|Win32
		{B64C2666-424B-1635-CF8A-4D820876BAAB}.Release|Win32.ActiveCfg = Release|Win32
		{B64C2666-424B-1635-CF8A-4D820876BAAB}.Release|Win32.Build.0 = Release|Win32
		{BF786C3A-C650-5645-38D1-40D908727EF5}.Debug|Win32.ActiveCfg = Debug|Win32
		{BF786C3A-C650-5645-38D1-40D908727EF5}.Debug|Win32.Build.0 = Debug|Win32
		{BF786C3A-C650-5645-38D1-40D908727EF5}.Release|Win32.ActiveCfg = Release|Win32
		{BF786C3A-C650-5645-38D1-40D908727EF5}.Release|Win32.Build.0 = Release|Win32
		{C5C548BF-1495-CEDD-E64A-76268D62AA62}.Debug|Win32.ActiveCfg = Debug|Win32
		{C5C548BF-1495-CEDD-E64A-76268D62AA62}.Debug|Win32.Build.0 = Debug|Win32
		{C5C548BF-1495-CEDD-E64A-76268D62AA62}.Release|Win32.ActiveCfg = Release|Win32
		{C5C548BF-1495-CEDD-E64A-76268D62AA62}.Release|Win32.Build.0 = Release|Win32
		{C6058AE6-ADEC-0907-C9F4-D4D3D2A523BE}.Debug|Win32.ActiveCfg = Debug|Win32
		{C6058AE6-ADEC-0907-C9F4-D4D3D2A523BE}.Debug|Win32.Build.0 = Debug|Win32
		{C6058AE6-ADEC-0907-C9F4-D4D3D2A523BE}.Release|Win32.ActiveCfg = Release|Win32
		{C6058AE6-ADEC-0907-C9F4-D4D3D2A523BE}.Release|Win32.Build.0 = Release|Win32
		{CC7DBACD-8F89-F38F-63E8-346D697E8946}.Debug|Win32.ActiveCfg = Debug|Win32
		{CC7DBACD-8F89-F38F-63E8-346D697E8946}.Debug|Win32.Build.0 = Debug|Win32
		{CC7DBACD-8F89-F38F-63E8-346D697E8946}.Release|Win32.ActiveCfg = Release|Win32
		{CC7DBACD-8F89-F38F-63E8-346D697E8946}.Release|Win32.Build.0 = Release|Win32
		{CEB1C732-FE36-C4A7-5907-477B381A7EEA}.Debug|Win32.ActiveCfg = Debug|Win32
		{CEB1C732-FE36-C4A7-5907-477B381A7EEA}.Debug|Win32.Build.0 = Debug|Win32
		{CEB1C732-FE36-C4A7-5907-477B381A7EEA}.Release|Win32.ActiveCfg = Release|Win32
		{CEB1C732-FE36-C4A7-5907-477B381A7EEA}.Release|Win32.Build.0 = Release|Win32
		{D422FA37-25F6-0615-41FA-4C268FB1DA55}.Debug|Win32.ActiveCfg = Debug|Win32
		{D422FA37-25F6-0615-41FA-4C268FB1DA55}.Debug|Win32.Build.0 = Debug|Win32
		{D422FA37-25F6-0615-41FA-4C268FB1DA55}.Release|Win32.ActiveCfg = Release|Win32
		{D422FA37-25F6-0615-41FA-4C268FB1DA55}.Release|Win32.Build.0 = Release|Win32
		{D4C0CBCC-99EB-DC98-506D-729BEC83E5E7}.Debug|Win32.ActiveCfg = Debug|Win32
		{D4C0CBCC-99EB-DC98-506D-729BEC83E5E7}.Debug|Win32.Build.0 = Debug|Win32
		{D4C0CBCC-99EB-DC98-506D-729BEC83E5E7}.Release|Win32.ActiveCfg = Release|Win32
		{D4C0CBCC-99EB-DC98-506D-729BEC83E5E7}.Release|Win32.Build.0 = Release|Win32
		{DC719D5B-C039-5032-FCE3-9F6FC3D8796E}.Debug|Win32.ActiveCfg = Debug|Win32
		{DC719D5B-C039-5032-FCE3-9F6FC3D8796E}.Debug|Win32.Build.0 = Debug|Win32
		{DC719D5B-C039-5032-FCE3-9F6FC3D8796E}.Release|Win32.ActiveCfg = Release|Win32
		{DC719D5B-C039-5032-FCE3-9F6FC3D8796E}.Release|Win32.Build.0 = Release|Win32
		{ED39AFF3-DBC7-B1B1-A93E-6FC2D29A9BE0}.Debug|Win32.ActiveCfg = Debug|Win32
		{ED39AFF3-DBC7-B1B1-A93E-6FC2D29A9BE0}.Debug|Win32.Build.0 = Debug|Win32
		{ED39AFF3-DBC7-B1B1-A93E-6FC2D29A9BE0}.Release|Win32.ActiveCfg = Release|Win32
		{ED39AFF3-DBC7-B1B1-A93E-6FC2D29A9BE0}.Release|Win32.Build.0 = Release|Win32
		{EE181F3B-AC6C-A6F2-985E-26A3E309E357}.Debug|Win32.ActiveCfg = Debug|Win32
		{EE181F3B-AC6C-A6F2-985E-26A3E309E357}.Debug|Win32.Build.0 = Debug|Win32
		{EE181F3B-AC6C-A6F2-985E-26A3E309E357}.Release|Win32.ActiveCfg = Release|Win32
		{EE181F3B-AC6C-A6F2-985E-26A3E309E357}.Release|Win32.Build.0 = Release|Win32
		{EEB2C485-6A68-C15F-0540-9167A987B6E8}.Debug|Win32.ActiveCfg = Debug|Win32
		{EEB2C485-6A68-C15F-0540-9167A987B6E8}.Debug|Win32.Build.0 = Debug|Win32
		{EEB2C485-6A68-C15F-0540-9167A987B6E8}.Release|Win32.ActiveCfg = Release|Win32
		{EEB2C485-6A68-C15F-0540-9167A987B6E8}.Release|Win32.Build.0 = Release|Win32
		{F8749A32-897E-CB2C-CFD9-72A4F80B9CCE}.Debug|Win32.ActiveCfg = Debug|Win32
		{F8749A32-897E-CB2C-CFD9-72A4F80B9CCE}.Debug|Win32.Build.0 = Debug|Win32
		{F8749A32-897E-CB2C-CFD9-72A4F80B9CCE}.Release|Win32.ActiveCfg = Release|Win32
		{F8749A32-897E-CB2C-CFD9-72A4F80B9CCE}.Release|Win32.Build.0 = Release|Win32
	EndGlobalSection
	GlobalSection(SolutionProperties) = preSolution
		HideSolutionNode = FALSE
	EndGlobalSection
EndGlobal
